Microsoft Visual Studio Solution File, Format Version 12.00
# Visual Studio Version 16
VisualStudioVersion = 16.0.0.0
MinimumVisualStudioVersion = 16.0.0.0
Project("{9A19103F-16F7-4668-BE54-9A1E7A4F7556}") = "SE_training.SETraining.Server", "SETraining.Server\SETraining.Server.csproj", "{2C93D383-5DF8-4237-A153-238F0477F588}"
EndProject
Project("{9A19103F-16F7-4668-BE54-9A1E7A4F7556}") = "SE_training.SETraining.Client", "SETraining.Client\SETraining.Client.csproj", "{B3C20C2B-4A16-4EFE-8C4D-AC5470DAF222}"
EndProject
Project("{9A19103F-16F7-4668-BE54-9A1E7A4F7556}") = "SE_training.SETraining.Core", "SETraining.Core\SETraining.Core.csproj", "{735F0F2E-99DE-4625-9BD9-3408F053E6B6}"
EndProject
Project("{FAE04EC0-301F-11D3-BF4B-00C04F79EFBC}") = "SE_training.SETraining.Infrastructure", "SETraining.Infrastructure\SETraining.Infrastructure.csproj", "{C056C00F-682B-4AE4-BFDF-8DF804128F5E}"
EndProject
Global
	GlobalSection(SolutionConfigurationPlatforms) = preSolution
		Debug|Any CPU = Debug|Any CPU
		Debug|x64 = Debug|x64
		Debug|x86 = Debug|x86
		Release|Any CPU = Release|Any CPU
		Release|x64 = Release|x64
		Release|x86 = Release|x86
	EndGlobalSection
	GlobalSection(ProjectConfigurationPlatforms) = postSolution
		{B3C20C2B-4A16-4EFE-8C4D-AC5470DAF222}.Debug|Any CPU.ActiveCfg = Debug|Any CPU
		{B3C20C2B-4A16-4EFE-8C4D-AC5470DAF222}.Debug|Any CPU.Build.0 = Debug|Any CPU
		{B3C20C2B-4A16-4EFE-8C4D-AC5470DAF222}.Debug|x64.ActiveCfg = Debug|Any CPU
		{B3C20C2B-4A16-4EFE-8C4D-AC5470DAF222}.Debug|x64.Build.0 = Debug|Any CPU
		{B3C20C2B-4A16-4EFE-8C4D-AC5470DAF222}.Debug|x86.ActiveCfg = Debug|Any CPU
		{B3C20C2B-4A16-4EFE-8C4D-AC5470DAF222}.Debug|x86.Build.0 = Debug|Any CPU
		{B3C20C2B-4A16-4EFE-8C4D-AC5470DAF222}.Release|Any CPU.ActiveCfg = Release|Any CPU
		{B3C20C2B-4A16-4EFE-8C4D-AC5470DAF222}.Release|Any CPU.Build.0 = Release|Any CPU
		{B3C20C2B-4A16-4EFE-8C4D-AC5470DAF222}.Release|x64.ActiveCfg = Release|Any CPU
		{B3C20C2B-4A16-4EFE-8C4D-AC5470DAF222}.Release|x64.Build.0 = Release|Any CPU
		{B3C20C2B-4A16-4EFE-8C4D-AC5470DAF222}.Release|x86.ActiveCfg = Release|Any CPU
		{B3C20C2B-4A16-4EFE-8C4D-AC5470DAF222}.Release|x86.Build.0 = Release|Any CPU
		{2C93D383-5DF8-4237-A153-238F0477F588}.Debug|Any CPU.ActiveCfg = Debug|Any CPU
		{2C93D383-5DF8-4237-A153-238F0477F588}.Debug|Any CPU.Build.0 = Debug|Any CPU
		{2C93D383-5DF8-4237-A153-238F0477F588}.Debug|x64.ActiveCfg = Debug|Any CPU
		{2C93D383-5DF8-4237-A153-238F0477F588}.Debug|x64.Build.0 = Debug|Any CPU
		{2C93D383-5DF8-4237-A153-238F0477F588}.Debug|x86.ActiveCfg = Debug|Any CPU
		{2C93D383-5DF8-4237-A153-238F0477F588}.Debug|x86.Build.0 = Debug|Any CPU
		{2C93D383-5DF8-4237-A153-238F0477F588}.Release|Any CPU.ActiveCfg = Release|Any CPU
		{2C93D383-5DF8-4237-A153-238F0477F588}.Release|Any CPU.Build.0 = Release|Any CPU
		{2C93D383-5DF8-4237-A153-238F0477F588}.Release|x64.ActiveCfg = Release|Any CPU
		{2C93D383-5DF8-4237-A153-238F0477F588}.Release|x64.Build.0 = Release|Any CPU
		{2C93D383-5DF8-4237-A153-238F0477F588}.Release|x86.ActiveCfg = Release|Any CPU
		{2C93D383-5DF8-4237-A153-238F0477F588}.Release|x86.Build.0 = Release|Any CPU
		{735F0F2E-99DE-4625-9BD9-3408F053E6B6}.Debug|Any CPU.ActiveCfg = Debug|Any CPU
		{735F0F2E-99DE-4625-9BD9-3408F053E6B6}.Debug|Any CPU.Build.0 = Debug|Any CPU
		{735F0F2E-99DE-4625-9BD9-3408F053E6B6}.Debug|x64.ActiveCfg = Debug|Any CPU
		{735F0F2E-99DE-4625-9BD9-3408F053E6B6}.Debug|x64.Build.0 = Debug|Any CPU
		{735F0F2E-99DE-4625-9BD9-3408F053E6B6}.Debug|x86.ActiveCfg = Debug|Any CPU
		{735F0F2E-99DE-4625-9BD9-3408F053E6B6}.Debug|x86.Build.0 = Debug|Any CPU
		{735F0F2E-99DE-4625-9BD9-3408F053E6B6}.Release|Any CPU.ActiveCfg = Release|Any CPU
		{735F0F2E-99DE-4625-9BD9-3408F053E6B6}.Release|Any CPU.Build.0 = Release|Any CPU
		{735F0F2E-99DE-4625-9BD9-3408F053E6B6}.Release|x64.ActiveCfg = Release|Any CPU
		{735F0F2E-99DE-4625-9BD9-3408F053E6B6}.Release|x64.Build.0 = Release|Any CPU
		{735F0F2E-99DE-4625-9BD9-3408F053E6B6}.Release|x86.ActiveCfg = Release|Any CPU
		{735F0F2E-99DE-4625-9BD9-3408F053E6B6}.Release|x86.Build.0 = Release|Any CPU
		{C056C00F-682B-4AE4-BFDF-8DF804128F5E}.Debug|Any CPU.ActiveCfg = Debug|Any CPU
		{C056C00F-682B-4AE4-BFDF-8DF804128F5E}.Debug|Any CPU.Build.0 = Debug|Any CPU
		{C056C00F-682B-4AE4-BFDF-8DF804128F5E}.Debug|x64.ActiveCfg = Debug|Any CPU
		{C056C00F-682B-4AE4-BFDF-8DF804128F5E}.Debug|x64.Build.0 = Debug|Any CPU
		{C056C00F-682B-4AE4-BFDF-8DF804128F5E}.Debug|x86.ActiveCfg = Debug|Any CPU
		{C056C00F-682B-4AE4-BFDF-8DF804128F5E}.Debug|x86.Build.0 = Debug|Any CPU
		{C056C00F-682B-4AE4-BFDF-8DF804128F5E}.Release|Any CPU.ActiveCfg = Release|Any CPU
		{C056C00F-682B-4AE4-BFDF-8DF804128F5E}.Release|Any CPU.Build.0 = Release|Any CPU
		{C056C00F-682B-4AE4-BFDF-8DF804128F5E}.Release|x64.ActiveCfg = Release|Any CPU
		{C056C00F-682B-4AE4-BFDF-8DF804128F5E}.Release|x64.Build.0 = Release|Any CPU
		{C056C00F-682B-4AE4-BFDF-8DF804128F5E}.Release|x86.ActiveCfg = Release|Any CPU
		{C056C00F-682B-4AE4-BFDF-8DF804128F5E}.Release|x86.Build.0 = Release|Any CPU
	EndGlobalSection
	GlobalSection(SolutionProperties) = preSolution
		HideSolutionNode = FALSE
	EndGlobalSection
	GlobalSection(ExtensibilityGlobals) = postSolution
		SolutionGuid = {46982166-EDD4-42E9-93D7-A2F577FCFAA9}
	EndGlobalSection
EndGlobal
