Microsoft Visual Studio Solution File, Format Version 12.00
# Visual Studio Version 16
VisualStudioVersion = 16.0.0.0
MinimumVisualStudioVersion = 16.0.0.0
Project("{9A19103F-16F7-4668-BE54-9A1E7A4F7556}") = "SE_training.Server", "Server\SE_training.Server.csproj", "{2C93D383-5DF8-4237-A153-238F0477F588}"
EndProject
Project("{9A19103F-16F7-4668-BE54-9A1E7A4F7556}") = "SE_training.Client", "Client\SE_training.Client.csproj", "{B3C20C2B-4A16-4EFE-8C4D-AC5470DAF222}"
EndProject
Project("{9A19103F-16F7-4668-BE54-9A1E7A4F7556}") = "SE_training.Shared", "Shared\SE_training.Shared.csproj", "{735F0F2E-99DE-4625-9BD9-3408F053E6B6}"
EndProject
Project("{FAE04EC0-301F-11D3-BF4B-00C04F79EFBC}") = "Core", "Core\Core.csproj", "{A6BFE934-C45F-447F-A283-8954A93C299D}"
EndProject
Project("{FAE04EC0-301F-11D3-BF4B-00C04F79EFBC}") = "Infrastructure.Tests", "Infrastructure.Tests\Infrastructure.Tests.csproj", "{E80E7009-B6AD-4A25-97B9-5C4B17398119}"
EndProject
Project("{FAE04EC0-301F-11D3-BF4B-00C04F79EFBC}") = "Server.Tests", "Server.Tests\Server.Tests.csproj", "{3B6FE0E0-01DF-467E-8484-542B2F721500}"
EndProject
Project("{FAE04EC0-301F-11D3-BF4B-00C04F79EFBC}") = "Infrastructure", "Infrastructure\Infrastructure.csproj", "{53B08C55-86C1-4E57-9ED7-E08D2E657F22}"

EndProject
Global
	GlobalSection(SolutionConfigurationPlatforms) = preSolution
		Debug|Any CPU = Debug|Any CPU
		Debug|x64 = Debug|x64
		Debug|x86 = Debug|x86
		Release|Any CPU = Release|Any CPU
		Release|x64 = Release|x64
		Release|x86 = Release|x86
	EndGlobalSection
	GlobalSection(ProjectConfigurationPlatforms) = postSolution
		{B3C20C2B-4A16-4EFE-8C4D-AC5470DAF222}.Debug|Any CPU.ActiveCfg = Debug|Any CPU
		{B3C20C2B-4A16-4EFE-8C4D-AC5470DAF222}.Debug|Any CPU.Build.0 = Debug|Any CPU
		{B3C20C2B-4A16-4EFE-8C4D-AC5470DAF222}.Debug|x64.ActiveCfg = Debug|Any CPU
		{B3C20C2B-4A16-4EFE-8C4D-AC5470DAF222}.Debug|x64.Build.0 = Debug|Any CPU
		{B3C20C2B-4A16-4EFE-8C4D-AC5470DAF222}.Debug|x86.ActiveCfg = Debug|Any CPU
		{B3C20C2B-4A16-4EFE-8C4D-AC5470DAF222}.Debug|x86.Build.0 = Debug|Any CPU
		{B3C20C2B-4A16-4EFE-8C4D-AC5470DAF222}.Release|Any CPU.ActiveCfg = Release|Any CPU
		{B3C20C2B-4A16-4EFE-8C4D-AC5470DAF222}.Release|Any CPU.Build.0 = Release|Any CPU
		{B3C20C2B-4A16-4EFE-8C4D-AC5470DAF222}.Release|x64.ActiveCfg = Release|Any CPU
		{B3C20C2B-4A16-4EFE-8C4D-AC5470DAF222}.Release|x64.Build.0 = Release|Any CPU
		{B3C20C2B-4A16-4EFE-8C4D-AC5470DAF222}.Release|x86.ActiveCfg = Release|Any CPU
		{B3C20C2B-4A16-4EFE-8C4D-AC5470DAF222}.Release|x86.Build.0 = Release|Any CPU
		{2C93D383-5DF8-4237-A153-238F0477F588}.Debug|Any CPU.ActiveCfg = Debug|Any CPU
		{2C93D383-5DF8-4237-A153-238F0477F588}.Debug|Any CPU.Build.0 = Debug|Any CPU
		{2C93D383-5DF8-4237-A153-238F0477F588}.Debug|x64.ActiveCfg = Debug|Any CPU
		{2C93D383-5DF8-4237-A153-238F0477F588}.Debug|x64.Build.0 = Debug|Any CPU
		{2C93D383-5DF8-4237-A153-238F0477F588}.Debug|x86.ActiveCfg = Debug|Any CPU
		{2C93D383-5DF8-4237-A153-238F0477F588}.Debug|x86.Build.0 = Debug|Any CPU
		{2C93D383-5DF8-4237-A153-238F0477F588}.Release|Any CPU.ActiveCfg = Release|Any CPU
		{2C93D383-5DF8-4237-A153-238F0477F588}.Release|Any CPU.Build.0 = Release|Any CPU
		{2C93D383-5DF8-4237-A153-238F0477F588}.Release|x64.ActiveCfg = Release|Any CPU
		{2C93D383-5DF8-4237-A153-238F0477F588}.Release|x64.Build.0 = Release|Any CPU
		{2C93D383-5DF8-4237-A153-238F0477F588}.Release|x86.ActiveCfg = Release|Any CPU
		{2C93D383-5DF8-4237-A153-238F0477F588}.Release|x86.Build.0 = Release|Any CPU
		{735F0F2E-99DE-4625-9BD9-3408F053E6B6}.Debug|Any CPU.ActiveCfg = Debug|Any CPU
		{735F0F2E-99DE-4625-9BD9-3408F053E6B6}.Debug|Any CPU.Build.0 = Debug|Any CPU
		{735F0F2E-99DE-4625-9BD9-3408F053E6B6}.Debug|x64.ActiveCfg = Debug|Any CPU
		{735F0F2E-99DE-4625-9BD9-3408F053E6B6}.Debug|x64.Build.0 = Debug|Any CPU
		{735F0F2E-99DE-4625-9BD9-3408F053E6B6}.Debug|x86.ActiveCfg = Debug|Any CPU
		{735F0F2E-99DE-4625-9BD9-3408F053E6B6}.Debug|x86.Build.0 = Debug|Any CPU
		{735F0F2E-99DE-4625-9BD9-3408F053E6B6}.Release|Any CPU.ActiveCfg = Release|Any CPU
		{735F0F2E-99DE-4625-9BD9-3408F053E6B6}.Release|Any CPU.Build.0 = Release|Any CPU
		{735F0F2E-99DE-4625-9BD9-3408F053E6B6}.Release|x64.ActiveCfg = Release|Any CPU
		{735F0F2E-99DE-4625-9BD9-3408F053E6B6}.Release|x64.Build.0 = Release|Any CPU
		{735F0F2E-99DE-4625-9BD9-3408F053E6B6}.Release|x86.ActiveCfg = Release|Any CPU
		{735F0F2E-99DE-4625-9BD9-3408F053E6B6}.Release|x86.Build.0 = Release|Any CPU
		{8F2765B1-6F5F-4045-92B2-D47145F72B90}.Debug|Any CPU.ActiveCfg = Debug|Any CPU
		{8F2765B1-6F5F-4045-92B2-D47145F72B90}.Debug|Any CPU.Build.0 = Debug|Any CPU
		{8F2765B1-6F5F-4045-92B2-D47145F72B90}.Debug|x64.ActiveCfg = Debug|Any CPU
		{8F2765B1-6F5F-4045-92B2-D47145F72B90}.Debug|x64.Build.0 = Debug|Any CPU
		{8F2765B1-6F5F-4045-92B2-D47145F72B90}.Debug|x86.ActiveCfg = Debug|Any CPU
		{8F2765B1-6F5F-4045-92B2-D47145F72B90}.Debug|x86.Build.0 = Debug|Any CPU
		{8F2765B1-6F5F-4045-92B2-D47145F72B90}.Release|Any CPU.ActiveCfg = Release|Any CPU
		{8F2765B1-6F5F-4045-92B2-D47145F72B90}.Release|Any CPU.Build.0 = Release|Any CPU
		{8F2765B1-6F5F-4045-92B2-D47145F72B90}.Release|x64.ActiveCfg = Release|Any CPU
		{8F2765B1-6F5F-4045-92B2-D47145F72B90}.Release|x64.Build.0 = Release|Any CPU
		{8F2765B1-6F5F-4045-92B2-D47145F72B90}.Release|x86.ActiveCfg = Release|Any CPU
		{8F2765B1-6F5F-4045-92B2-D47145F72B90}.Release|x86.Build.0 = Release|Any CPU
		{A6BFE934-C45F-447F-A283-8954A93C299D}.Debug|Any CPU.ActiveCfg = Debug|Any CPU
		{A6BFE934-C45F-447F-A283-8954A93C299D}.Debug|Any CPU.Build.0 = Debug|Any CPU
		{A6BFE934-C45F-447F-A283-8954A93C299D}.Debug|x64.ActiveCfg = Debug|Any CPU
		{A6BFE934-C45F-447F-A283-8954A93C299D}.Debug|x64.Build.0 = Debug|Any CPU
		{A6BFE934-C45F-447F-A283-8954A93C299D}.Debug|x86.ActiveCfg = Debug|Any CPU
		{A6BFE934-C45F-447F-A283-8954A93C299D}.Debug|x86.Build.0 = Debug|Any CPU
		{A6BFE934-C45F-447F-A283-8954A93C299D}.Release|Any CPU.ActiveCfg = Release|Any CPU
		{A6BFE934-C45F-447F-A283-8954A93C299D}.Release|Any CPU.Build.0 = Release|Any CPU
		{A6BFE934-C45F-447F-A283-8954A93C299D}.Release|x64.ActiveCfg = Release|Any CPU
		{A6BFE934-C45F-447F-A283-8954A93C299D}.Release|x64.Build.0 = Release|Any CPU
		{A6BFE934-C45F-447F-A283-8954A93C299D}.Release|x86.ActiveCfg = Release|Any CPU
		{A6BFE934-C45F-447F-A283-8954A93C299D}.Release|x86.Build.0 = Release|Any CPU
		{E80E7009-B6AD-4A25-97B9-5C4B17398119}.Debug|Any CPU.ActiveCfg = Debug|Any CPU
		{E80E7009-B6AD-4A25-97B9-5C4B17398119}.Debug|Any CPU.Build.0 = Debug|Any CPU
		{E80E7009-B6AD-4A25-97B9-5C4B17398119}.Debug|x64.ActiveCfg = Debug|Any CPU
		{E80E7009-B6AD-4A25-97B9-5C4B17398119}.Debug|x64.Build.0 = Debug|Any CPU
		{E80E7009-B6AD-4A25-97B9-5C4B17398119}.Debug|x86.ActiveCfg = Debug|Any CPU
		{E80E7009-B6AD-4A25-97B9-5C4B17398119}.Debug|x86.Build.0 = Debug|Any CPU
		{E80E7009-B6AD-4A25-97B9-5C4B17398119}.Release|Any CPU.ActiveCfg = Release|Any CPU
		{E80E7009-B6AD-4A25-97B9-5C4B17398119}.Release|Any CPU.Build.0 = Release|Any CPU
		{E80E7009-B6AD-4A25-97B9-5C4B17398119}.Release|x64.ActiveCfg = Release|Any CPU
		{E80E7009-B6AD-4A25-97B9-5C4B17398119}.Release|x64.Build.0 = Release|Any CPU
		{E80E7009-B6AD-4A25-97B9-5C4B17398119}.Release|x86.ActiveCfg = Release|Any CPU
		{E80E7009-B6AD-4A25-97B9-5C4B17398119}.Release|x86.Build.0 = Release|Any CPU
		{3B6FE0E0-01DF-467E-8484-542B2F721500}.Debug|Any CPU.ActiveCfg = Debug|Any CPU
		{3B6FE0E0-01DF-467E-8484-542B2F721500}.Debug|Any CPU.Build.0 = Debug|Any CPU
		{3B6FE0E0-01DF-467E-8484-542B2F721500}.Debug|x64.ActiveCfg = Debug|Any CPU
		{3B6FE0E0-01DF-467E-8484-542B2F721500}.Debug|x64.Build.0 = Debug|Any CPU
		{3B6FE0E0-01DF-467E-8484-542B2F721500}.Debug|x86.ActiveCfg = Debug|Any CPU
		{3B6FE0E0-01DF-467E-8484-542B2F721500}.Debug|x86.Build.0 = Debug|Any CPU
		{3B6FE0E0-01DF-467E-8484-542B2F721500}.Release|Any CPU.ActiveCfg = Release|Any CPU
		{3B6FE0E0-01DF-467E-8484-542B2F721500}.Release|Any CPU.Build.0 = Release|Any CPU
		{3B6FE0E0-01DF-467E-8484-542B2F721500}.Release|x64.ActiveCfg = Release|Any CPU
		{3B6FE0E0-01DF-467E-8484-542B2F721500}.Release|x64.Build.0 = Release|Any CPU
		{3B6FE0E0-01DF-467E-8484-542B2F721500}.Release|x86.ActiveCfg = Release|Any CPU
		{3B6FE0E0-01DF-467E-8484-542B2F721500}.Release|x86.Build.0 = Release|Any CPU
		{53B08C55-86C1-4E57-9ED7-E08D2E657F22}.Debug|Any CPU.ActiveCfg = Debug|Any CPU
		{53B08C55-86C1-4E57-9ED7-E08D2E657F22}.Debug|Any CPU.Build.0 = Debug|Any CPU
		{53B08C55-86C1-4E57-9ED7-E08D2E657F22}.Debug|x64.ActiveCfg = Debug|Any CPU
		{53B08C55-86C1-4E57-9ED7-E08D2E657F22}.Debug|x64.Build.0 = Debug|Any CPU
		{53B08C55-86C1-4E57-9ED7-E08D2E657F22}.Debug|x86.ActiveCfg = Debug|Any CPU
		{53B08C55-86C1-4E57-9ED7-E08D2E657F22}.Debug|x86.Build.0 = Debug|Any CPU
		{53B08C55-86C1-4E57-9ED7-E08D2E657F22}.Release|Any CPU.ActiveCfg = Release|Any CPU
		{53B08C55-86C1-4E57-9ED7-E08D2E657F22}.Release|Any CPU.Build.0 = Release|Any CPU
		{53B08C55-86C1-4E57-9ED7-E08D2E657F22}.Release|x64.ActiveCfg = Release|Any CPU
		{53B08C55-86C1-4E57-9ED7-E08D2E657F22}.Release|x64.Build.0 = Release|Any CPU
		{53B08C55-86C1-4E57-9ED7-E08D2E657F22}.Release|x86.ActiveCfg = Release|Any CPU
		{53B08C55-86C1-4E57-9ED7-E08D2E657F22}.Release|x86.Build.0 = Release|Any CPU
    
    // fjern nedstående hvis problemer
		{0DA137A3-0445-46A3-8949-7D1EE7C59D78}.Debug|Any CPU.ActiveCfg = Debug|Any CPU
		{0DA137A3-0445-46A3-8949-7D1EE7C59D78}.Debug|Any CPU.Build.0 = Debug|Any CPU
		{0DA137A3-0445-46A3-8949-7D1EE7C59D78}.Debug|x64.ActiveCfg = Debug|Any CPU
		{0DA137A3-0445-46A3-8949-7D1EE7C59D78}.Debug|x64.Build.0 = Debug|Any CPU
		{0DA137A3-0445-46A3-8949-7D1EE7C59D78}.Debug|x86.ActiveCfg = Debug|Any CPU
		{0DA137A3-0445-46A3-8949-7D1EE7C59D78}.Debug|x86.Build.0 = Debug|Any CPU
		{0DA137A3-0445-46A3-8949-7D1EE7C59D78}.Release|Any CPU.ActiveCfg = Release|Any CPU
		{0DA137A3-0445-46A3-8949-7D1EE7C59D78}.Release|Any CPU.Build.0 = Release|Any CPU
		{0DA137A3-0445-46A3-8949-7D1EE7C59D78}.Release|x64.ActiveCfg = Release|Any CPU
		{0DA137A3-0445-46A3-8949-7D1EE7C59D78}.Release|x64.Build.0 = Release|Any CPU
		{0DA137A3-0445-46A3-8949-7D1EE7C59D78}.Release|x86.ActiveCfg = Release|Any CPU
		{0DA137A3-0445-46A3-8949-7D1EE7C59D78}.Release|x86.Build.0 = Release|Any CPU
	EndGlobalSection
	GlobalSection(SolutionProperties) = preSolution
		HideSolutionNode = FALSE
	EndGlobalSection
	GlobalSection(ExtensibilityGlobals) = postSolution
		SolutionGuid = {46982166-EDD4-42E9-93D7-A2F577FCFAA9}
	EndGlobalSection
EndGlobal
